
Microsoft Visual Studio Solution File, Format Version 12.00
# Visual Studio Version 17
VisualStudioVersion = 17.7.34024.191
MinimumVisualStudioVersion = 10.0.40219.1
Project("{FAE04EC0-301F-11D3-BF4B-00C04F79EFBC}") = "ShareTool", "ShareTool\ShareTool.csproj", "{7AA1FE21-D718-47D2-9F7D-B86D8D36545D}"
EndProject
Project("{FAE04EC0-301F-11D3-BF4B-00C04F79EFBC}") = "SharedTool.DAL", "SharedTool.DAL\SharedTool.DAL.csproj", "{6DFBDE34-EFAD-4700-8072-F1254A79B92B}"
EndProject
Project("{FAE04EC0-301F-11D3-BF4B-00C04F79EFBC}") = "SharedTool.Business", "SharedTool.Business\SharedTool.Business.csproj", "{14CD1C53-85AF-4E43-8747-1B3BFAD215EC}"
EndProject
Global
	GlobalSection(SolutionConfigurationPlatforms) = preSolution
		Debug|Any CPU = Debug|Any CPU
		Release|Any CPU = Release|Any CPU
	EndGlobalSection
	GlobalSection(ProjectConfigurationPlatforms) = postSolution
		{7AA1FE21-D718-47D2-9F7D-B86D8D36545D}.Debug|Any CPU.ActiveCfg = Debug|Any CPU
		{7AA1FE21-D718-47D2-9F7D-B86D8D36545D}.Debug|Any CPU.Build.0 = Debug|Any CPU
		{7AA1FE21-D718-47D2-9F7D-B86D8D36545D}.Release|Any CPU.ActiveCfg = Release|Any CPU
		{7AA1FE21-D718-47D2-9F7D-B86D8D36545D}.Release|Any CPU.Build.0 = Release|Any CPU
		{6DFBDE34-EFAD-4700-8072-F1254A79B92B}.Debug|Any CPU.ActiveCfg = Debug|Any CPU
		{6DFBDE34-EFAD-4700-8072-F1254A79B92B}.Debug|Any CPU.Build.0 = Debug|Any CPU
		{6DFBDE34-EFAD-4700-8072-F1254A79B92B}.Release|Any CPU.ActiveCfg = Release|Any CPU
		{6DFBDE34-EFAD-4700-8072-F1254A79B92B}.Release|Any CPU.Build.0 = Release|Any CPU
		{14CD1C53-85AF-4E43-8747-1B3BFAD215EC}.Debug|Any CPU.ActiveCfg = Debug|Any CPU
		{14CD1C53-85AF-4E43-8747-1B3BFAD215EC}.Debug|Any CPU.Build.0 = Debug|Any CPU
		{14CD1C53-85AF-4E43-8747-1B3BFAD215EC}.Release|Any CPU.ActiveCfg = Release|Any CPU
		{14CD1C53-85AF-4E43-8747-1B3BFAD215EC}.Release|Any CPU.Build.0 = Release|Any CPU
	EndGlobalSection
	GlobalSection(SolutionProperties) = preSolution
		HideSolutionNode = FALSE
	EndGlobalSection
	GlobalSection(ExtensibilityGlobals) = postSolution
		SolutionGuid = {A581291D-02EB-471B-9132-EF3DA37DB399}
	EndGlobalSection
EndGlobal
